
Microsoft Visual Studio Solution File, Format Version 12.00
# Visual Studio Version 17
VisualStudioVersion = 17.3.32929.385
MinimumVisualStudioVersion = 10.0.40219.1
Project("{9A19103F-16F7-4668-BE54-9A1E7A4F7556}") = "AgroSafari.API", "AgroSafariAPI\AgroSafari.API.csproj", "{8D042DB0-80C2-4496-A684-9CBDECC6DD6E}"
EndProject
Project("{9A19103F-16F7-4668-BE54-9A1E7A4F7556}") = "AgroSafari.Infrastructure", "AgroSafari.Infrastructure\AgroSafari.Infrastructure.csproj", "{B3BD4329-84A2-4403-AE3E-A8A4A7EB52F2}"
EndProject
Project("{9A19103F-16F7-4668-BE54-9A1E7A4F7556}") = "AgroSafari.Core", "AgroSafari.Core\AgroSafari.Core.csproj", "{A1156689-35D8-461D-B880-20E03F253794}"
EndProject
Project("{9A19103F-16F7-4668-BE54-9A1E7A4F7556}") = "AgroSafari.Application", "AgroSafari.Application\AgroSafari.Application.csproj", "{D4BF8774-1B7F-4B73-8228-6A0D84A70CBC}"
EndProject
Global
	GlobalSection(SolutionConfigurationPlatforms) = preSolution
		Debug|Any CPU = Debug|Any CPU
		Release|Any CPU = Release|Any CPU
	EndGlobalSection
	GlobalSection(ProjectConfigurationPlatforms) = postSolution
		{8D042DB0-80C2-4496-A684-9CBDECC6DD6E}.Debug|Any CPU.ActiveCfg = Debug|Any CPU
		{8D042DB0-80C2-4496-A684-9CBDECC6DD6E}.Debug|Any CPU.Build.0 = Debug|Any CPU
		{8D042DB0-80C2-4496-A684-9CBDECC6DD6E}.Release|Any CPU.ActiveCfg = Release|Any CPU
		{8D042DB0-80C2-4496-A684-9CBDECC6DD6E}.Release|Any CPU.Build.0 = Release|Any CPU
		{B3BD4329-84A2-4403-AE3E-A8A4A7EB52F2}.Debug|Any CPU.ActiveCfg = Debug|Any CPU
		{B3BD4329-84A2-4403-AE3E-A8A4A7EB52F2}.Debug|Any CPU.Build.0 = Debug|Any CPU
		{B3BD4329-84A2-4403-AE3E-A8A4A7EB52F2}.Release|Any CPU.ActiveCfg = Release|Any CPU
		{B3BD4329-84A2-4403-AE3E-A8A4A7EB52F2}.Release|Any CPU.Build.0 = Release|Any CPU
		{A1156689-35D8-461D-B880-20E03F253794}.Debug|Any CPU.ActiveCfg = Debug|Any CPU
		{A1156689-35D8-461D-B880-20E03F253794}.Debug|Any CPU.Build.0 = Debug|Any CPU
		{A1156689-35D8-461D-B880-20E03F253794}.Release|Any CPU.ActiveCfg = Release|Any CPU
		{A1156689-35D8-461D-B880-20E03F253794}.Release|Any CPU.Build.0 = Release|Any CPU
		{D4BF8774-1B7F-4B73-8228-6A0D84A70CBC}.Debug|Any CPU.ActiveCfg = Debug|Any CPU
		{D4BF8774-1B7F-4B73-8228-6A0D84A70CBC}.Debug|Any CPU.Build.0 = Debug|Any CPU
		{D4BF8774-1B7F-4B73-8228-6A0D84A70CBC}.Release|Any CPU.ActiveCfg = Release|Any CPU
		{D4BF8774-1B7F-4B73-8228-6A0D84A70CBC}.Release|Any CPU.Build.0 = Release|Any CPU
	EndGlobalSection
	GlobalSection(SolutionProperties) = preSolution
		HideSolutionNode = FALSE
	EndGlobalSection
	GlobalSection(ExtensibilityGlobals) = postSolution
		SolutionGuid = {D6E31F89-7106-489C-BE01-DE8058315E33}
	EndGlobalSection
EndGlobal
